{
  "name": "performance",
  "version": "1.0.0",
  "lockfileVersion": 2,
  "requires": true,
  "packages": {
    "": {
      "name": "performance",
      "version": "1.0.0",
      "license": "ISC",
      "dependencies": {
        "@aml-org/amf-custom-validator": "^1.5.0-SNAPSHOT.97",
        "@open-policy-agent/opa-wasm": "^1.8.0"
      }
    },
    "node_modules/@aml-org/amf-custom-validator": {
      "version": "1.5.0-SNAPSHOT.97",
      "resolved": "https://registry.npmjs.org/@aml-org/amf-custom-validator/-/amf-custom-validator-1.5.0-SNAPSHOT.97.tgz",
      "integrity": "sha512-rkbs0nZAqw/ZwnSv1Wd/akw/wNyx2Fxfu076xZ4kHJvDivaL+09xyatlc4P9MWERvznEYo0XXZakWvybD3x5+Q==",
      "dependencies": {
        "pako": "^2.0.4"
      },
      "engines": {
        "node": ">=16.0.0"
      }
    },
    "node_modules/@open-policy-agent/opa-wasm": {
      "version": "1.8.0",
      "resolved": "https://registry.npmjs.org/@open-policy-agent/opa-wasm/-/opa-wasm-1.8.0.tgz",
      "integrity": "sha512-IFXh52ndKH5iWsB5ysWpjDxLtA5nUCMgalV7gbzW9VfjyDvu7Iq3G3wz3cXYtK1VWa94EeYi8oIrTrzzg33szQ==",
      "dependencies": {
        "sprintf-js": "^1.1.2",
        "yaml": "^1.10.2"
      }
    },
    "node_modules/pako": {
      "version": "2.1.0",
      "resolved": "https://registry.npmjs.org/pako/-/pako-2.1.0.tgz",
      "integrity": "sha512-w+eufiZ1WuJYgPXbV/PO3NCMEc3xqylkKHzp8bxp1uW4qaSNQUkwmLLEc3kKsfz8lpV1F8Ht3U1Cm+9Srog2ug=="
    },
    "node_modules/sprintf-js": {
      "version": "1.1.2",
      "resolved": "https://registry.npmjs.org/sprintf-js/-/sprintf-js-1.1.2.tgz",
      "integrity": "sha512-VE0SOVEHCk7Qc8ulkWw3ntAzXuqf7S2lvwQaDLRnUeIEaKNQJzV6BwmLKhOqT61aGhfUMrXeaBk+oDGCzvhcug=="
    },
    "node_modules/yaml": {
      "version": "1.10.2",
      "resolved": "https://registry.npmjs.org/yaml/-/yaml-1.10.2.tgz",
      "integrity": "sha512-r3vXyErRCYJ7wg28yvBY5VSoAF8ZvlcW9/BwUzEtUsjvX/DKs24dIkuwjtuprwJJHsbyUbLApepYTR1BN4uHrg==",
      "engines": {
        "node": ">= 6"
      }
    }
  },
  "dependencies": {
    "@aml-org/amf-custom-validator": {
      "version": "1.5.0-SNAPSHOT.97",
      "resolved": "https://registry.npmjs.org/@aml-org/amf-custom-validator/-/amf-custom-validator-1.5.0-SNAPSHOT.97.tgz",
      "integrity": "sha512-rkbs0nZAqw/ZwnSv1Wd/akw/wNyx2Fxfu076xZ4kHJvDivaL+09xyatlc4P9MWERvznEYo0XXZakWvybD3x5+Q==",
      "requires": {
        "pako": "^2.0.4"
      }
    },
    "@open-policy-agent/opa-wasm": {
      "version": "1.8.0",
      "resolved": "https://registry.npmjs.org/@open-policy-agent/opa-wasm/-/opa-wasm-1.8.0.tgz",
      "integrity": "sha512-IFXh52ndKH5iWsB5ysWpjDxLtA5nUCMgalV7gbzW9VfjyDvu7Iq3G3wz3cXYtK1VWa94EeYi8oIrTrzzg33szQ==",
      "requires": {
        "sprintf-js": "^1.1.2",
        "yaml": "^1.10.2"
      }
    },
    "pako": {
      "version": "2.1.0",
      "resolved": "https://registry.npmjs.org/pako/-/pako-2.1.0.tgz",
      "integrity": "sha512-w+eufiZ1WuJYgPXbV/PO3NCMEc3xqylkKHzp8bxp1uW4qaSNQUkwmLLEc3kKsfz8lpV1F8Ht3U1Cm+9Srog2ug=="
    },
    "sprintf-js": {
      "version": "1.1.2",
      "resolved": "https://registry.npmjs.org/sprintf-js/-/sprintf-js-1.1.2.tgz",
      "integrity": "sha512-VE0SOVEHCk7Qc8ulkWw3ntAzXuqf7S2lvwQaDLRnUeIEaKNQJzV6BwmLKhOqT61aGhfUMrXeaBk+oDGCzvhcug=="
    },
    "yaml": {
      "version": "1.10.2",
      "resolved": "https://registry.npmjs.org/yaml/-/yaml-1.10.2.tgz",
      "integrity": "sha512-r3vXyErRCYJ7wg28yvBY5VSoAF8ZvlcW9/BwUzEtUsjvX/DKs24dIkuwjtuprwJJHsbyUbLApepYTR1BN4uHrg=="
    }
  }
}
