{
  "name": "js-wasm",
  "version": "1.0.0",
  "lockfileVersion": 2,
  "requires": true,
  "packages": {
    "": {
      "name": "js-wasm",
      "version": "1.0.0",
      "license": "ISC",
      "dependencies": {
        "@open-policy-agent/opa-wasm": "^1.8.0"
      }
    },
    "node_modules/@open-policy-agent/opa-wasm": {
      "version": "1.8.0",
      "resolved": "https://registry.npmjs.org/@open-policy-agent/opa-wasm/-/opa-wasm-1.8.0.tgz",
      "integrity": "sha512-IFXh52ndKH5iWsB5ysWpjDxLtA5nUCMgalV7gbzW9VfjyDvu7Iq3G3wz3cXYtK1VWa94EeYi8oIrTrzzg33szQ==",
      "dependencies": {
        "sprintf-js": "^1.1.2",
        "yaml": "^1.10.2"
      }
    },
    "node_modules/sprintf-js": {
      "version": "1.1.2",
      "resolved": "https://registry.npmjs.org/sprintf-js/-/sprintf-js-1.1.2.tgz",
      "integrity": "sha512-VE0SOVEHCk7Qc8ulkWw3ntAzXuqf7S2lvwQaDLRnUeIEaKNQJzV6BwmLKhOqT61aGhfUMrXeaBk+oDGCzvhcug=="
    },
    "node_modules/yaml": {
      "version": "1.10.2",
      "resolved": "https://registry.npmjs.org/yaml/-/yaml-1.10.2.tgz",
      "integrity": "sha512-r3vXyErRCYJ7wg28yvBY5VSoAF8ZvlcW9/BwUzEtUsjvX/DKs24dIkuwjtuprwJJHsbyUbLApepYTR1BN4uHrg==",
      "engines": {
        "node": ">= 6"
      }
    }
  },
  "dependencies": {
    "@open-policy-agent/opa-wasm": {
      "version": "1.8.0",
      "resolved": "https://registry.npmjs.org/@open-policy-agent/opa-wasm/-/opa-wasm-1.8.0.tgz",
      "integrity": "sha512-IFXh52ndKH5iWsB5ysWpjDxLtA5nUCMgalV7gbzW9VfjyDvu7Iq3G3wz3cXYtK1VWa94EeYi8oIrTrzzg33szQ==",
      "requires": {
        "sprintf-js": "^1.1.2",
        "yaml": "^1.10.2"
      }
    },
    "sprintf-js": {
      "version": "1.1.2",
      "resolved": "https://registry.npmjs.org/sprintf-js/-/sprintf-js-1.1.2.tgz",
      "integrity": "sha512-VE0SOVEHCk7Qc8ulkWw3ntAzXuqf7S2lvwQaDLRnUeIEaKNQJzV6BwmLKhOqT61aGhfUMrXeaBk+oDGCzvhcug=="
    },
    "yaml": {
      "version": "1.10.2",
      "resolved": "https://registry.npmjs.org/yaml/-/yaml-1.10.2.tgz",
      "integrity": "sha512-r3vXyErRCYJ7wg28yvBY5VSoAF8ZvlcW9/BwUzEtUsjvX/DKs24dIkuwjtuprwJJHsbyUbLApepYTR1BN4uHrg=="
    }
  }
}
